
Microsoft Visual Studio Solution File, Format Version 12.00
# Visual Studio 2013
VisualStudioVersion = 12.0.31101.0
MinimumVisualStudioVersion = 10.0.40219.1
Project("{FAE04EC0-301F-11D3-BF4B-00C04F79EFBC}") = "BeyondSearch", "BeyondSearch\BeyondSearch.csproj", "{7BEB1F54-B56B-46CA-B642-3B6E68F005A9}"
	ProjectSection(ProjectDependencies) = postProject
		{A39259C6-2F94-486F-B652-574FB0C7BBE1} = {A39259C6-2F94-486F-B652-574FB0C7BBE1}
	EndProjectSection
EndProject
Project("{FAE04EC0-301F-11D3-BF4B-00C04F79EFBC}") = "KeywordFilter", "KeywordFilter\KeywordFilter.csproj", "{53F40D50-7738-499A-8364-0B8E1C8CD352}"
EndProject
Project("{FAE04EC0-301F-11D3-BF4B-00C04F79EFBC}") = "WebPageWidget", "Widget\WebPageWidget.csproj", "{6FB3AF07-C81F-4470-86B8-FD65C2328B44}"
EndProject
Project("{FAE04EC0-301F-11D3-BF4B-00C04F79EFBC}") = "WebPageWidgetUnitTests", "WebPageWidgetUnitTests\WebPageWidgetUnitTests.csproj", "{8BBDC6CE-EEF3-44AE-B16F-6464DA6E2D88}"
EndProject
Project("{FAE04EC0-301F-11D3-BF4B-00C04F79EFBC}") = "IWidget", "IWidget\IWidget.csproj", "{A39259C6-2F94-486F-B652-574FB0C7BBE1}"
EndProject
Project("{FAE04EC0-301F-11D3-BF4B-00C04F79EFBC}") = "PredictiveText", "PredictiveText\PredictiveText.csproj", "{01B1DEEA-454E-46F8-97EE-A23EFE3D415B}"
EndProject
Project("{FAE04EC0-301F-11D3-BF4B-00C04F79EFBC}") = "WordSearch", "WordSearch\WordSearch.csproj", "{17125877-2CF0-42B2-89D3-418E40BDE5D0}"
EndProject
Global
	GlobalSection(SolutionConfigurationPlatforms) = preSolution
		Debug|Any CPU = Debug|Any CPU
		Release|Any CPU = Release|Any CPU
	EndGlobalSection
	GlobalSection(ProjectConfigurationPlatforms) = postSolution
		{7BEB1F54-B56B-46CA-B642-3B6E68F005A9}.Debug|Any CPU.ActiveCfg = Debug|Any CPU
		{7BEB1F54-B56B-46CA-B642-3B6E68F005A9}.Debug|Any CPU.Build.0 = Debug|Any CPU
		{7BEB1F54-B56B-46CA-B642-3B6E68F005A9}.Release|Any CPU.ActiveCfg = Release|Any CPU
		{7BEB1F54-B56B-46CA-B642-3B6E68F005A9}.Release|Any CPU.Build.0 = Release|Any CPU
		{53F40D50-7738-499A-8364-0B8E1C8CD352}.Debug|Any CPU.ActiveCfg = Debug|Any CPU
		{53F40D50-7738-499A-8364-0B8E1C8CD352}.Debug|Any CPU.Build.0 = Debug|Any CPU
		{53F40D50-7738-499A-8364-0B8E1C8CD352}.Release|Any CPU.ActiveCfg = Release|Any CPU
		{53F40D50-7738-499A-8364-0B8E1C8CD352}.Release|Any CPU.Build.0 = Release|Any CPU
		{6FB3AF07-C81F-4470-86B8-FD65C2328B44}.Debug|Any CPU.ActiveCfg = Debug|Any CPU
		{6FB3AF07-C81F-4470-86B8-FD65C2328B44}.Debug|Any CPU.Build.0 = Debug|Any CPU
		{6FB3AF07-C81F-4470-86B8-FD65C2328B44}.Release|Any CPU.ActiveCfg = Release|Any CPU
		{6FB3AF07-C81F-4470-86B8-FD65C2328B44}.Release|Any CPU.Build.0 = Release|Any CPU
		{8BBDC6CE-EEF3-44AE-B16F-6464DA6E2D88}.Debug|Any CPU.ActiveCfg = Debug|Any CPU
		{8BBDC6CE-EEF3-44AE-B16F-6464DA6E2D88}.Debug|Any CPU.Build.0 = Debug|Any CPU
		{8BBDC6CE-EEF3-44AE-B16F-6464DA6E2D88}.Release|Any CPU.ActiveCfg = Release|Any CPU
		{8BBDC6CE-EEF3-44AE-B16F-6464DA6E2D88}.Release|Any CPU.Build.0 = Release|Any CPU
		{A39259C6-2F94-486F-B652-574FB0C7BBE1}.Debug|Any CPU.ActiveCfg = Debug|Any CPU
		{A39259C6-2F94-486F-B652-574FB0C7BBE1}.Debug|Any CPU.Build.0 = Debug|Any CPU
		{A39259C6-2F94-486F-B652-574FB0C7BBE1}.Release|Any CPU.ActiveCfg = Release|Any CPU
		{A39259C6-2F94-486F-B652-574FB0C7BBE1}.Release|Any CPU.Build.0 = Release|Any CPU
		{01B1DEEA-454E-46F8-97EE-A23EFE3D415B}.Debug|Any CPU.ActiveCfg = Debug|Any CPU
		{01B1DEEA-454E-46F8-97EE-A23EFE3D415B}.Debug|Any CPU.Build.0 = Debug|Any CPU
		{01B1DEEA-454E-46F8-97EE-A23EFE3D415B}.Release|Any CPU.ActiveCfg = Release|Any CPU
		{01B1DEEA-454E-46F8-97EE-A23EFE3D415B}.Release|Any CPU.Build.0 = Release|Any CPU
		{17125877-2CF0-42B2-89D3-418E40BDE5D0}.Debug|Any CPU.ActiveCfg = Debug|Any CPU
		{17125877-2CF0-42B2-89D3-418E40BDE5D0}.Debug|Any CPU.Build.0 = Debug|Any CPU
		{17125877-2CF0-42B2-89D3-418E40BDE5D0}.Release|Any CPU.ActiveCfg = Release|Any CPU
		{17125877-2CF0-42B2-89D3-418E40BDE5D0}.Release|Any CPU.Build.0 = Release|Any CPU
	EndGlobalSection
	GlobalSection(SolutionProperties) = preSolution
		HideSolutionNode = FALSE
	EndGlobalSection
EndGlobal
